generation_baseline_lock:
  schema_version: v0.1
  task_id: MASTER-MAP-TO-CODEX-GENERATION-BRIEF-PACK-001
  workspace_HEAD_at_creation: 5105af462dcaa16c245b5545914c673b54d3c11b
  W7_baseline_digest: dd1503011a3a3f4cba9a663e50417037e85e8f09001edfc98c214919284d6c7c
  founder_overlay_digest: 823ff7ab0a88aa41e235d03b09515b4303c7e4fd420af6619bcddb1cad96ea48
  canonical_cluster_count: 46
  source_cluster_count: 58
  generation_assignment_count: 14
  unresolved_decision_count: 12
  source_gap_seed_count: 16
  readiness_true_count: 0
  macro_batch_count: 14
  total_budget: 3600
  source_repo_live_dependency: false
  source_repo_live_accessed: false
  generated_knowledge_count: 0
  candidatepack_created: false
  readiness_all_false: true
  budget_not_kpi: true
  quality_over_count: true
